
Microsoft Visual Studio Solution File, Format Version 12.00
# Visual Studio Version 17
VisualStudioVersion = 17.5.33414.496
MinimumVisualStudioVersion = 10.0.40219.1
Project("{FAE04EC0-301F-11D3-BF4B-00C04F79EFBC}") = "ConsoleApp_Manha", "ConsoleApp_Manha\ConsoleApp_Manha.csproj", "{38F09268-D78F-4CC2-A143-FB6345B556D4}"
EndProject
Global
	GlobalSection(SolutionConfigurationPlatforms) = preSolution
		Debug|Any CPU = Debug|Any CPU
		Release|Any CPU = Release|Any CPU
	EndGlobalSection
	GlobalSection(ProjectConfigurationPlatforms) = postSolution
		{38F09268-D78F-4CC2-A143-FB6345B556D4}.Debug|Any CPU.ActiveCfg = Debug|Any CPU
		{38F09268-D78F-4CC2-A143-FB6345B556D4}.Debug|Any CPU.Build.0 = Debug|Any CPU
		{38F09268-D78F-4CC2-A143-FB6345B556D4}.Release|Any CPU.ActiveCfg = Release|Any CPU
		{38F09268-D78F-4CC2-A143-FB6345B556D4}.Release|Any CPU.Build.0 = Release|Any CPU
	EndGlobalSection
	GlobalSection(SolutionProperties) = preSolution
		HideSolutionNode = FALSE
	EndGlobalSection
	GlobalSection(ExtensibilityGlobals) = postSolution
		SolutionGuid = {802CC109-E549-4342-9872-6EB0F8EA7337}
	EndGlobalSection
EndGlobal
